
Microsoft Visual Studio Solution File, Format Version 12.00
# Visual Studio 15
VisualStudioVersion = 15.0.27703.2026
MinimumVisualStudioVersion = 10.0.40219.1
Project("{FAE04EC0-301F-11D3-BF4B-00C04F79EFBC}") = "NetWeb", "NetWeb\NetWeb.csproj", "{91515872-F01D-4E9B-92CB-AF22A870792F}"
EndProject
Global
	GlobalSection(SolutionConfigurationPlatforms) = preSolution
		Debug|Any CPU = Debug|Any CPU
		Release|Any CPU = Release|Any CPU
	EndGlobalSection
	GlobalSection(ProjectConfigurationPlatforms) = postSolution
		{91515872-F01D-4E9B-92CB-AF22A870792F}.Debug|Any CPU.ActiveCfg = Debug|Any CPU
		{91515872-F01D-4E9B-92CB-AF22A870792F}.Debug|Any CPU.Build.0 = Debug|Any CPU
		{91515872-F01D-4E9B-92CB-AF22A870792F}.Release|Any CPU.ActiveCfg = Release|Any CPU
		{91515872-F01D-4E9B-92CB-AF22A870792F}.Release|Any CPU.Build.0 = Release|Any CPU
	EndGlobalSection
	GlobalSection(SolutionProperties) = preSolution
		HideSolutionNode = FALSE
	EndGlobalSection
	GlobalSection(ExtensibilityGlobals) = postSolution
		SolutionGuid = {45FBF9ED-398A-4154-AEBC-1ACB36C88CAB}
	EndGlobalSection
EndGlobal
